// !$*UTF8*$!
{
	archiveVersion = 1;
	classes = {
	};
	objectVersion = 46;
	objects = {

/* Begin PBXBuildFile section */
		E2DEFDC11586DA2800D3D572 /* UIKit.framework in Frameworks */ = {isa = PBXBuildFile; fileRef = E2DEFDC01586DA2800D3D572 /* UIKit.framework */; };
		E2DEFDC31586DA2800D3D572 /* Foundation.framework in Frameworks */ = {isa = PBXBuildFile; fileRef = E2DEFDC21586DA2800D3D572 /* Foundation.framework */; };
		E2DEFDC51586DA2800D3D572 /* CoreGraphics.framework in Frameworks */ = {isa = PBXBuildFile; fileRef = E2DEFDC41586DA2800D3D572 /* CoreGraphics.framework */; };
		E2DEFDCB1586DA2800D3D572 /* InfoPlist.strings in Resources */ = {isa = PBXBuildFile; fileRef = E2DEFDC91586DA2800D3D572 /* InfoPlist.strings */; };
		E2DEFDCD1586DA2800D3D572 /* main.m in Sources */ = {isa = PBXBuildFile; fileRef = E2DEFDCC1586DA2800D3D572 /* main.m */; };
		E2DEFDD11586DA2800D3D572 /* AppDelegate.m in Sources */ = {isa = PBXBuildFile; fileRef = E2DEFDD01586DA2800D3D572 /* AppDelegate.m */; };
		E2DEFDD41586DA2800D3D572 /* MainStoryboard.storyboard in Resources */ = {isa = PBXBuildFile; fileRef = E2DEFDD21586DA2800D3D572 /* MainStoryboard.storyboard */; };
		E2DEFDD71586DA2800D3D572 /* FirstViewController.m in Sources */ = {isa = PBXBuildFile; fileRef = E2DEFDD61586DA2800D3D572 /* FirstViewController.m */; };
		E2DEFDD91586DA2800D3D572 /* first.png in Resources */ = {isa = PBXBuildFile; fileRef = E2DEFDD81586DA2800D3D572 /* first.png */; };
		E2DEFDDB1586DA2800D3D572 /* first@2x.png in Resources */ = {isa = PBXBuildFile; fileRef = E2DEFDDA1586DA2800D3D572 /* first@2x.png */; };
		E2DEFDDE1586DA2800D3D572 /* SecondViewController.m in Sources */ = {isa = PBXBuildFile; fileRef = E2DEFDDD1586DA2800D3D572 /* SecondViewController.m */; };
		E2DEFDE01586DA2800D3D572 /* second.png in Resources */ = {isa = PBXBuildFile; fileRef = E2DEFDDF1586DA2800D3D572 /* second.png */; };
		E2DEFDE21586DA2800D3D572 /* second@2x.png in Resources */ = {isa = PBXBuildFile; fileRef = E2DEFDE11586DA2800D3D572 /* second@2x.png */; };
/* End PBXBuildFile section */

/* Begin PBXFileReference section */
		E2DEFDBC1586DA2800D3D572 /* tasker.app */ = {isa = PBXFileReference; explicitFileType = wrapper.application; includeInIndex = 0; path = tasker.app; sourceTree = BUILT_PRODUCTS_DIR; };
		E2DEFDC01586DA2800D3D572 /* UIKit.framework */ = {isa = PBXFileReference; lastKnownFileType = wrapper.framework; name = UIKit.framework; path = System/Library/Frameworks/UIKit.framework; sourceTree = SDKROOT; };
		E2DEFDC21586DA2800D3D572 /* Foundation.framework */ = {isa = PBXFileReference; lastKnownFileType = wrapper.framework; name = Foundation.framework; path = System/Library/Frameworks/Foundation.framework; sourceTree = SDKROOT; };
		E2DEFDC41586DA2800D3D572 /* CoreGraphics.framework */ = {isa = PBXFileReference; lastKnownFileType = wrapper.framework; name = CoreGraphics.framework; path = System/Library/Frameworks/CoreGraphics.framework; sourceTree = SDKROOT; };
		E2DEFDC81586DA2800D3D572 /* tasker-Info.plist */ = {isa = PBXFileReference; lastKnownFileType = text.plist.xml; path = "tasker-Info.plist"; sourceTree = "<group>"; };
		E2DEFDCA1586DA2800D3D572 /* en */ = {isa = PBXFileReference; lastKnownFileType = text.plist.strings; name = en; path = en.lproj/InfoPlist.strings; sourceTree = "<group>"; };
		E2DEFDCC1586DA2800D3D572 /* main.m */ = {isa = PBXFileReference; lastKnownFileType = sourcecode.c.objc; path = main.m; sourceTree = "<group>"; };
		E2DEFDCE1586DA2800D3D572 /* tasker-Prefix.pch */ = {isa = PBXFileReference; lastKnownFileType = sourcecode.c.h; path = "tasker-Prefix.pch"; sourceTree = "<group>"; };
		E2DEFDCF1586DA2800D3D572 /* AppDelegate.h */ = {isa = PBXFileReference; lastKnownFileType = sourcecode.c.h; path = AppDelegate.h; sourceTree = "<group>"; };
		E2DEFDD01586DA2800D3D572 /* AppDelegate.m */ = {isa = PBXFileReference; lastKnownFileType = sourcecode.c.objc; path = AppDelegate.m; sourceTree = "<group>"; };
		E2DEFDD31586DA2800D3D572 /* en */ = {isa = PBXFileReference; lastKnownFileType = file.storyboard; name = en; path = en.lproj/MainStoryboard.storyboard; sourceTree = "<group>"; };
		E2DEFDD51586DA2800D3D572 /* FirstViewController.h */ = {isa = PBXFileReference; lastKnownFileType = sourcecode.c.h; path = FirstViewController.h; sourceTree = "<group>"; };
		E2DEFDD61586DA2800D3D572 /* FirstViewController.m */ = {isa = PBXFileReference; lastKnownFileType = sourcecode.c.objc; path = FirstViewController.m; sourceTree = "<group>"; };
		E2DEFDD81586DA2800D3D572 /* first.png */ = {isa = PBXFileReference; lastKnownFileType = image.png; path = first.png; sourceTree = "<group>"; };
		E2DEFDDA1586DA2800D3D572 /* first@2x.png */ = {isa = PBXFileReference; lastKnownFileType = image.png; path = "first@2x.png"; sourceTree = "<group>"; };
		E2DEFDDC1586DA2800D3D572 /* SecondViewController.h */ = {isa = PBXFileReference; lastKnownFileType = sourcecode.c.h; path = SecondViewController.h; sourceTree = "<group>"; };
		E2DEFDDD1586DA2800D3D572 /* SecondViewController.m */ = {isa = PBXFileReference; lastKnownFileType = sourcecode.c.objc; path = SecondViewController.m; sourceTree = "<group>"; };
		E2DEFDDF1586DA2800D3D572 /* second.png */ = {isa = PBXFileReference; lastKnownFileType = image.png; path = second.png; sourceTree = "<group>"; };
		E2DEFDE11586DA2800D3D572 /* second@2x.png */ = {isa = PBXFileReference; lastKnownFileType = image.png; path = "second@2x.png"; sourceTree = "<group>"; };
/* End PBXFileReference section */

/* Begin PBXFrameworksBuildPhase section */
		E2DEFDB91586DA2800D3D572 /* Frameworks */ = {
			isa = PBXFrameworksBuildPhase;
			buildActionMask = 2147483647;
			files = (
				E2DEFDC11586DA2800D3D572 /* UIKit.framework in Frameworks */,
				E2DEFDC31586DA2800D3D572 /* Foundation.framework in Frameworks */,
				E2DEFDC51586DA2800D3D572 /* CoreGraphics.framework in Frameworks */,
			);
			runOnlyForDeploymentPostprocessing = 0;
		};
/* End PBXFrameworksBuildPhase section */

/* Begin PBXGroup section */
		E2DEFDB11586DA2800D3D572 = {
			isa = PBXGroup;
			children = (
				E2DEFDC61586DA2800D3D572 /* tasker */,
				E2DEFDBF1586DA2800D3D572 /* Frameworks */,
				E2DEFDBD1586DA2800D3D572 /* Products */,
			);
			sourceTree = "<group>";
		};
		E2DEFDBD1586DA2800D3D572 /* Products */ = {
			isa = PBXGroup;
			children = (
				E2DEFDBC1586DA2800D3D572 /* tasker.app */,
			);
			name = Products;
			sourceTree = "<group>";
		};
		E2DEFDBF1586DA2800D3D572 /* Frameworks */ = {
			isa = PBXGroup;
			children = (
				E2DEFDC01586DA2800D3D572 /* UIKit.framework */,
				E2DEFDC21586DA2800D3D572 /* Foundation.framework */,
				E2DEFDC41586DA2800D3D572 /* CoreGraphics.framework */,
			);
			name = Frameworks;
			sourceTree = "<group>";
		};
		E2DEFDC61586DA2800D3D572 /* tasker */ = {
			isa = PBXGroup;
			children = (
				E2DEFDCF1586DA2800D3D572 /* AppDelegate.h */,
				E2DEFDD01586DA2800D3D572 /* AppDelegate.m */,
				E2DEFDD21586DA2800D3D572 /* MainStoryboard.storyboard */,
				E2DEFDD51586DA2800D3D572 /* FirstViewController.h */,
				E2DEFDD61586DA2800D3D572 /* FirstViewController.m */,
				E2DEFDD81586DA2800D3D572 /* first.png */,
				E2DEFDDA1586DA2800D3D572 /* first@2x.png */,
				E2DEFDDC1586DA2800D3D572 /* SecondViewController.h */,
				E2DEFDDD1586DA2800D3D572 /* SecondViewController.m */,
				E2DEFDDF1586DA2800D3D572 /* second.png */,
				E2DEFDE11586DA2800D3D572 /* second@2x.png */,
				E2DEFDC71586DA2800D3D572 /* Supporting Files */,
			);
			path = tasker;
			sourceTree = "<group>";
		};
		E2DEFDC71586DA2800D3D572 /* Supporting Files */ = {
			isa = PBXGroup;
			children = (
				E2DEFDC81586DA2800D3D572 /* tasker-Info.plist */,
				E2DEFDC91586DA2800D3D572 /* InfoPlist.strings */,
				E2DEFDCC1586DA2800D3D572 /* main.m */,
				E2DEFDCE1586DA2800D3D572 /* tasker-Prefix.pch */,
			);
			name = "Supporting Files";
			sourceTree = "<group>";
		};
/* End PBXGroup section */

/* Begin PBXNativeTarget section */
		E2DEFDBB1586DA2800D3D572 /* tasker */ = {
			isa = PBXNativeTarget;
			buildConfigurationList = E2DEFDE51586DA2800D3D572 /* Build configuration list for PBXNativeTarget "tasker" */;
			buildPhases = (
				E2DEFDB81586DA2800D3D572 /* Sources */,
				E2DEFDB91586DA2800D3D572 /* Frameworks */,
				E2DEFDBA1586DA2800D3D572 /* Resources */,
			);
			buildRules = (
			);
			dependencies = (
			);
			name = tasker;
			productName = tasker;
			productReference = E2DEFDBC1586DA2800D3D572 /* tasker.app */;
			productType = "com.apple.product-type.application";
		};
/* End PBXNativeTarget section */

/* Begin PBXProject section */
		E2DEFDB31586DA2800D3D572 /* Project object */ = {
			isa = PBXProject;
			attributes = {
				LastUpgradeCheck = 0430;
			};
			buildConfigurationList = E2DEFDB61586DA2800D3D572 /* Build configuration list for PBXProject "tasker" */;
			compatibilityVersion = "Xcode 3.2";
			developmentRegion = English;
			hasScannedForEncodings = 0;
			knownRegions = (
				en,
			);
			mainGroup = E2DEFDB11586DA2800D3D572;
			productRefGroup = E2DEFDBD1586DA2800D3D572 /* Products */;
			projectDirPath = "";
			projectRoot = "";
			targets = (
				E2DEFDBB1586DA2800D3D572 /* tasker */,
			);
		};
/* End PBXProject section */

/* Begin PBXResourcesBuildPhase section */
		E2DEFDBA1586DA2800D3D572 /* Resources */ = {
			isa = PBXResourcesBuildPhase;
			buildActionMask = 2147483647;
			files = (
				E2DEFDCB1586DA2800D3D572 /* InfoPlist.strings in Resources */,
				E2DEFDD41586DA2800D3D572 /* MainStoryboard.storyboard in Resources */,
				E2DEFDD91586DA2800D3D572 /* first.png in Resources */,
				E2DEFDDB1586DA2800D3D572 /* first@2x.png in Resources */,
				E2DEFDE01586DA2800D3D572 /* second.png in Resources */,
				E2DEFDE21586DA2800D3D572 /* second@2x.png in Resources */,
			);
			runOnlyForDeploymentPostprocessing = 0;
		};
/* End PBXResourcesBuildPhase section */

/* Begin PBXSourcesBuildPhase section */
		E2DEFDB81586DA2800D3D572 /* Sources */ = {
			isa = PBXSourcesBuildPhase;
			buildActionMask = 2147483647;
			files = (
				E2DEFDCD1586DA2800D3D572 /* main.m in Sources */,
				E2DEFDD11586DA2800D3D572 /* AppDelegate.m in Sources */,
				E2DEFDD71586DA2800D3D572 /* FirstViewController.m in Sources */,
				E2DEFDDE1586DA2800D3D572 /* SecondViewController.m in Sources */,
			);
			runOnlyForDeploymentPostprocessing = 0;
		};
/* End PBXSourcesBuildPhase section */

/* Begin PBXVariantGroup section */
		E2DEFDC91586DA2800D3D572 /* InfoPlist.strings */ = {
			isa = PBXVariantGroup;
			children = (
				E2DEFDCA1586DA2800D3D572 /* en */,
			);
			name = InfoPlist.strings;
			sourceTree = "<group>";
		};
		E2DEFDD21586DA2800D3D572 /* MainStoryboard.storyboard */ = {
			isa = PBXVariantGroup;
			children = (
				E2DEFDD31586DA2800D3D572 /* en */,
			);
			name = MainStoryboard.storyboard;
			sourceTree = "<group>";
		};
/* End PBXVariantGroup section */

/* Begin XCBuildConfiguration section */
		E2DEFDE31586DA2800D3D572 /* Debug */ = {
			isa = XCBuildConfiguration;
			buildSettings = {
				ALWAYS_SEARCH_USER_PATHS = NO;
				ARCHS = "$(ARCHS_STANDARD_32_BIT)";
				CLANG_ENABLE_OBJC_ARC = YES;
				"CODE_SIGN_IDENTITY[sdk=iphoneos*]" = "iPhone Developer";
				COPY_PHASE_STRIP = NO;
				GCC_C_LANGUAGE_STANDARD = gnu99;
				GCC_DYNAMIC_NO_PIC = NO;
				GCC_OPTIMIZATION_LEVEL = 0;
				GCC_PREPROCESSOR_DEFINITIONS = (
					"DEBUG=1",
					"$(inherited)",
				);
				GCC_SYMBOLS_PRIVATE_EXTERN = NO;
				GCC_VERSION = com.apple.compilers.llvm.clang.1_0;
				GCC_WARN_ABOUT_RETURN_TYPE = YES;
				GCC_WARN_UNINITIALIZED_AUTOS = YES;
				GCC_WARN_UNUSED_VARIABLE = YES;
				IPHONEOS_DEPLOYMENT_TARGET = 5.1;
				SDKROOT = iphoneos;
			};
			name = Debug;
		};
		E2DEFDE41586DA2800D3D572 /* Release */ = {
			isa = XCBuildConfiguration;
			buildSettings = {
				ALWAYS_SEARCH_USER_PATHS = NO;
				ARCHS = "$(ARCHS_STANDARD_32_BIT)";
				CLANG_ENABLE_OBJC_ARC = YES;
				"CODE_SIGN_IDENTITY[sdk=iphoneos*]" = "iPhone Developer";
				COPY_PHASE_STRIP = YES;
				GCC_C_LANGUAGE_STANDARD = gnu99;
				GCC_VERSION = com.apple.compilers.llvm.clang.1_0;
				GCC_WARN_ABOUT_RETURN_TYPE = YES;
				GCC_WARN_UNINITIALIZED_AUTOS = YES;
				GCC_WARN_UNUSED_VARIABLE = YES;
				IPHONEOS_DEPLOYMENT_TARGET = 5.1;
				OTHER_CFLAGS = "-DNS_BLOCK_ASSERTIONS=1";
				SDKROOT = iphoneos;
				VALIDATE_PRODUCT = YES;
			};
			name = Release;
		};
		E2DEFDE61586DA2800D3D572 /* Debug */ = {
			isa = XCBuildConfiguration;
			buildSettings = {
				GCC_PRECOMPILE_PREFIX_HEADER = YES;
				GCC_PREFIX_HEADER = "tasker/tasker-Prefix.pch";
				INFOPLIST_FILE = "tasker/tasker-Info.plist";
				PRODUCT_NAME = "$(TARGET_NAME)";
				WRAPPER_EXTENSION = app;
			};
			name = Debug;
		};
		E2DEFDE71586DA2800D3D572 /* Release */ = {
			isa = XCBuildConfiguration;
			buildSettings = {
				GCC_PRECOMPILE_PREFIX_HEADER = YES;
				GCC_PREFIX_HEADER = "tasker/tasker-Prefix.pch";
				INFOPLIST_FILE = "tasker/tasker-Info.plist";
				PRODUCT_NAME = "$(TARGET_NAME)";
				WRAPPER_EXTENSION = app;
			};
			name = Release;
		};
/* End XCBuildConfiguration section */

/* Begin XCConfigurationList section */
		E2DEFDB61586DA2800D3D572 /* Build configuration list for PBXProject "tasker" */ = {
			isa = XCConfigurationList;
			buildConfigurations = (
				E2DEFDE31586DA2800D3D572 /* Debug */,
				E2DEFDE41586DA2800D3D572 /* Release */,
			);
			defaultConfigurationIsVisible = 0;
			defaultConfigurationName = Release;
		};
		E2DEFDE51586DA2800D3D572 /* Build configuration list for PBXNativeTarget "tasker" */ = {
			isa = XCConfigurationList;
			buildConfigurations = (
				E2DEFDE61586DA2800D3D572 /* Debug */,
				E2DEFDE71586DA2800D3D572 /* Release */,
			);
			defaultConfigurationIsVisible = 0;
		};
/* End XCConfigurationList section */
	};
	rootObject = E2DEFDB31586DA2800D3D572 /* Project object */;
}
