// !$*UTF8*$!
{
	archiveVersion = 1;
	classes = {
	};
	objectVersion = 46;
	objects = {

/* Begin PBXBuildFile section */
		E2553837158E94C900B12D3F /* TaskCell.m in Sources */ = {isa = PBXBuildFile; fileRef = E2553836158E94C900B12D3F /* TaskCell.m */; };
		E2553846158EA84C00B12D3F /* TasksViewController.m in Sources */ = {isa = PBXBuildFile; fileRef = E2553845158EA84C00B12D3F /* TasksViewController.m */; };
		E260BFB015A7D03C0048694E /* GTMHTTPFetcher.m in Sources */ = {isa = PBXBuildFile; fileRef = E260BFA715A7D03C0048694E /* GTMHTTPFetcher.m */; settings = {COMPILER_FLAGS = "-fno-objc-arc"; }; };
		E260BFB115A7D03C0048694E /* GTMOAuth2Authentication.m in Sources */ = {isa = PBXBuildFile; fileRef = E260BFA915A7D03C0048694E /* GTMOAuth2Authentication.m */; settings = {COMPILER_FLAGS = "-fno-objc-arc"; }; };
		E260BFB315A7D03C0048694E /* GTMOAuth2ViewControllerTouch.m in Sources */ = {isa = PBXBuildFile; fileRef = E260BFAE15A7D03C0048694E /* GTMOAuth2ViewControllerTouch.m */; settings = {COMPILER_FLAGS = "-fno-objc-arc"; }; };
		E260BFB415A7D03C0048694E /* GTMOAuth2ViewTouch.xib in Resources */ = {isa = PBXBuildFile; fileRef = E260BFAF15A7D03C0048694E /* GTMOAuth2ViewTouch.xib */; };
		E260BFB715A7D11B0048694E /* GTMOAuth2SignIn.m in Sources */ = {isa = PBXBuildFile; fileRef = E260BFB615A7D11B0048694E /* GTMOAuth2SignIn.m */; settings = {COMPILER_FLAGS = "-fno-objc-arc"; }; };
		E260BFB915A7D1C30048694E /* Security.framework in Frameworks */ = {isa = PBXBuildFile; fileRef = E260BFB815A7D1C30048694E /* Security.framework */; };
		E260BFBB15A7D2070048694E /* SystemConfiguration.framework in Frameworks */ = {isa = PBXBuildFile; fileRef = E260BFBA15A7D2070048694E /* SystemConfiguration.framework */; };
		E260BFC415A90B810048694E /* LoginViewController.m in Sources */ = {isa = PBXBuildFile; fileRef = E260BFC315A90B810048694E /* LoginViewController.m */; };
		E260BFCB15A911B30048694E /* GTMHTTPFetcherLogging.m in Sources */ = {isa = PBXBuildFile; fileRef = E260BFCA15A911B30048694E /* GTMHTTPFetcherLogging.m */; settings = {COMPILER_FLAGS = "-fno-objc-arc"; }; };
		E262A018159158F600D79EAE /* DatePickerViewController.m in Sources */ = {isa = PBXBuildFile; fileRef = E262A017159158F600D79EAE /* DatePickerViewController.m */; };
		E262A0221596504100D79EAE /* Icon-72.png in Resources */ = {isa = PBXBuildFile; fileRef = E262A01B1596504100D79EAE /* Icon-72.png */; };
		E262A0231596504100D79EAE /* Icon-Small-50.png in Resources */ = {isa = PBXBuildFile; fileRef = E262A01C1596504100D79EAE /* Icon-Small-50.png */; };
		E262A0241596504100D79EAE /* Icon-Small.png in Resources */ = {isa = PBXBuildFile; fileRef = E262A01D1596504100D79EAE /* Icon-Small.png */; };
		E262A0251596504100D79EAE /* Icon-Small@2x.png in Resources */ = {isa = PBXBuildFile; fileRef = E262A01E1596504100D79EAE /* Icon-Small@2x.png */; };
		E262A0261596504100D79EAE /* Icon.png in Resources */ = {isa = PBXBuildFile; fileRef = E262A01F1596504100D79EAE /* Icon.png */; };
		E262A0271596504100D79EAE /* Icon@2x.png in Resources */ = {isa = PBXBuildFile; fileRef = E262A0201596504100D79EAE /* Icon@2x.png */; };
		E262A0281596504100D79EAE /* iTunesArtwork in Resources */ = {isa = PBXBuildFile; fileRef = E262A0211596504100D79EAE /* iTunesArtwork */; };
		E26C483615BC96C300EFFEC1 /* MappingProvider.m in Sources */ = {isa = PBXBuildFile; fileRef = E26C483515BC96C300EFFEC1 /* MappingProvider.m */; };
		E2851A6415B74AB20007DACC /* libRestKit.a in Frameworks */ = {isa = PBXBuildFile; fileRef = E2851A5815B74A2A0007DACC /* libRestKit.a */; };
		E2851A6815B74AFE0007DACC /* CFNetwork.framework in Frameworks */ = {isa = PBXBuildFile; fileRef = E2851A6515B74AFE0007DACC /* CFNetwork.framework */; };
		E2851A6915B74AFE0007DACC /* MobileCoreServices.framework in Frameworks */ = {isa = PBXBuildFile; fileRef = E2851A6615B74AFE0007DACC /* MobileCoreServices.framework */; };
		E2851A6A15B74AFE0007DACC /* QuartzCore.framework in Frameworks */ = {isa = PBXBuildFile; fileRef = E2851A6715B74AFE0007DACC /* QuartzCore.framework */; };
		E2851A6C15B74B090007DACC /* libxml2.dylib in Frameworks */ = {isa = PBXBuildFile; fileRef = E2851A6B15B74B090007DACC /* libxml2.dylib */; };
		E297E22F15B9FA2A00FBE1B3 /* FriendSelectViewController.m in Sources */ = {isa = PBXBuildFile; fileRef = E297E22E15B9FA2A00FBE1B3 /* FriendSelectViewController.m */; };
		E2B27948158EC3D500BB99D8 /* TaskDetailViewController.m in Sources */ = {isa = PBXBuildFile; fileRef = E2B27947158EC3D500BB99D8 /* TaskDetailViewController.m */; };
		E2DEFDC11586DA2800D3D572 /* UIKit.framework in Frameworks */ = {isa = PBXBuildFile; fileRef = E2DEFDC01586DA2800D3D572 /* UIKit.framework */; };
		E2DEFDC31586DA2800D3D572 /* Foundation.framework in Frameworks */ = {isa = PBXBuildFile; fileRef = E2DEFDC21586DA2800D3D572 /* Foundation.framework */; };
		E2DEFDC51586DA2800D3D572 /* CoreGraphics.framework in Frameworks */ = {isa = PBXBuildFile; fileRef = E2DEFDC41586DA2800D3D572 /* CoreGraphics.framework */; };
		E2DEFDCB1586DA2800D3D572 /* InfoPlist.strings in Resources */ = {isa = PBXBuildFile; fileRef = E2DEFDC91586DA2800D3D572 /* InfoPlist.strings */; };
		E2DEFDCD1586DA2800D3D572 /* main.m in Sources */ = {isa = PBXBuildFile; fileRef = E2DEFDCC1586DA2800D3D572 /* main.m */; };
		E2DEFDD11586DA2800D3D572 /* AppDelegate.m in Sources */ = {isa = PBXBuildFile; fileRef = E2DEFDD01586DA2800D3D572 /* AppDelegate.m */; settings = {COMPILER_FLAGS = "-Wno-deprecated-declarations"; }; };
		E2DEFDD41586DA2800D3D572 /* MainStoryboard.storyboard in Resources */ = {isa = PBXBuildFile; fileRef = E2DEFDD21586DA2800D3D572 /* MainStoryboard.storyboard */; };
		E2F8FBD81596A26E00317F84 /* DataModel.xcdatamodeld in Sources */ = {isa = PBXBuildFile; fileRef = E2F8FBD61596A26E00317F84 /* DataModel.xcdatamodeld */; };
		E2F8FBDD1596A2F500317F84 /* CoreData.framework in Frameworks */ = {isa = PBXBuildFile; fileRef = E2F8FBDC1596A2F500317F84 /* CoreData.framework */; };
		E2F8FBE01596A3B400317F84 /* Task.m in Sources */ = {isa = PBXBuildFile; fileRef = E2F8FBDF1596A3B400317F84 /* Task.m */; };
		E2F8FBE71597897C00317F84 /* UIImage+Resize.m in Sources */ = {isa = PBXBuildFile; fileRef = E2F8FBE61597897C00317F84 /* UIImage+Resize.m */; };
		E2F8FBED1597962800317F84 /* libTestFlight.a in Frameworks */ = {isa = PBXBuildFile; fileRef = E2F8FBE91597962800317F84 /* libTestFlight.a */; };
		E2F8FBEE1597962800317F84 /* README.txt in Resources */ = {isa = PBXBuildFile; fileRef = E2F8FBEA1597962800317F84 /* README.txt */; };
		E2F8FBEF1597962800317F84 /* release_notes.txt in Resources */ = {isa = PBXBuildFile; fileRef = E2F8FBEB1597962800317F84 /* release_notes.txt */; };
		E2F8FBF11597968900317F84 /* libz.dylib in Frameworks */ = {isa = PBXBuildFile; fileRef = E2F8FBF01597968900317F84 /* libz.dylib */; };
/* End PBXBuildFile section */

/* Begin PBXContainerItemProxy section */
		E2851A5715B74A2A0007DACC /* PBXContainerItemProxy */ = {
			isa = PBXContainerItemProxy;
			containerPortal = E2851A4C15B74A2A0007DACC /* RestKit.xcodeproj */;
			proxyType = 2;
			remoteGlobalIDString = 25160D1614564E810060A5C5;
			remoteInfo = RestKit;
		};
		E2851A5915B74A2A0007DACC /* PBXContainerItemProxy */ = {
			isa = PBXContainerItemProxy;
			containerPortal = E2851A4C15B74A2A0007DACC /* RestKit.xcodeproj */;
			proxyType = 2;
			remoteGlobalIDString = 25160D2614564E820060A5C5;
			remoteInfo = RestKitTests;
		};
		E2851A5B15B74A2A0007DACC /* PBXContainerItemProxy */ = {
			isa = PBXContainerItemProxy;
			containerPortal = E2851A4C15B74A2A0007DACC /* RestKit.xcodeproj */;
			proxyType = 2;
			remoteGlobalIDString = 25160E62145651060060A5C5;
			remoteInfo = RestKitFramework;
		};
		E2851A5D15B74A2A0007DACC /* PBXContainerItemProxy */ = {
			isa = PBXContainerItemProxy;
			containerPortal = E2851A4C15B74A2A0007DACC /* RestKit.xcodeproj */;
			proxyType = 2;
			remoteGlobalIDString = 25160E78145651060060A5C5;
			remoteInfo = RestKitFrameworkTests;
		};
		E2851A5F15B74A2A0007DACC /* PBXContainerItemProxy */ = {
			isa = PBXContainerItemProxy;
			containerPortal = E2851A4C15B74A2A0007DACC /* RestKit.xcodeproj */;
			proxyType = 2;
			remoteGlobalIDString = 259C301615128079003066A2;
			remoteInfo = RestKitResources;
		};
		E2851A6215B74A9D0007DACC /* PBXContainerItemProxy */ = {
			isa = PBXContainerItemProxy;
			containerPortal = E2851A4C15B74A2A0007DACC /* RestKit.xcodeproj */;
			proxyType = 1;
			remoteGlobalIDString = 25160D1514564E810060A5C5;
			remoteInfo = RestKit;
		};
/* End PBXContainerItemProxy section */

/* Begin PBXFileReference section */
		E2553835158E94C900B12D3F /* TaskCell.h */ = {isa = PBXFileReference; fileEncoding = 4; lastKnownFileType = sourcecode.c.h; path = TaskCell.h; sourceTree = "<group>"; };
		E2553836158E94C900B12D3F /* TaskCell.m */ = {isa = PBXFileReference; fileEncoding = 4; lastKnownFileType = sourcecode.c.objc; path = TaskCell.m; sourceTree = "<group>"; };
		E2553844158EA84C00B12D3F /* TasksViewController.h */ = {isa = PBXFileReference; fileEncoding = 4; lastKnownFileType = sourcecode.c.h; path = TasksViewController.h; sourceTree = "<group>"; };
		E2553845158EA84C00B12D3F /* TasksViewController.m */ = {isa = PBXFileReference; fileEncoding = 4; lastKnownFileType = sourcecode.c.objc; path = TasksViewController.m; sourceTree = "<group>"; };
		E260BFA615A7D03C0048694E /* GTMHTTPFetcher.h */ = {isa = PBXFileReference; fileEncoding = 4; lastKnownFileType = sourcecode.c.h; path = GTMHTTPFetcher.h; sourceTree = "<group>"; };
		E260BFA715A7D03C0048694E /* GTMHTTPFetcher.m */ = {isa = PBXFileReference; fileEncoding = 4; lastKnownFileType = sourcecode.c.objc; path = GTMHTTPFetcher.m; sourceTree = "<group>"; };
		E260BFA815A7D03C0048694E /* GTMOAuth2Authentication.h */ = {isa = PBXFileReference; fileEncoding = 4; lastKnownFileType = sourcecode.c.h; path = GTMOAuth2Authentication.h; sourceTree = "<group>"; };
		E260BFA915A7D03C0048694E /* GTMOAuth2Authentication.m */ = {isa = PBXFileReference; fileEncoding = 4; lastKnownFileType = sourcecode.c.objc; path = GTMOAuth2Authentication.m; sourceTree = "<group>"; };
		E260BFAD15A7D03C0048694E /* GTMOAuth2ViewControllerTouch.h */ = {isa = PBXFileReference; fileEncoding = 4; lastKnownFileType = sourcecode.c.h; path = GTMOAuth2ViewControllerTouch.h; sourceTree = "<group>"; };
		E260BFAE15A7D03C0048694E /* GTMOAuth2ViewControllerTouch.m */ = {isa = PBXFileReference; fileEncoding = 4; lastKnownFileType = sourcecode.c.objc; path = GTMOAuth2ViewControllerTouch.m; sourceTree = "<group>"; };
		E260BFAF15A7D03C0048694E /* GTMOAuth2ViewTouch.xib */ = {isa = PBXFileReference; fileEncoding = 4; lastKnownFileType = file.xib; path = GTMOAuth2ViewTouch.xib; sourceTree = "<group>"; };
		E260BFB515A7D10B0048694E /* GTMOAuth2SignIn.h */ = {isa = PBXFileReference; lastKnownFileType = sourcecode.c.h; path = GTMOAuth2SignIn.h; sourceTree = "<group>"; };
		E260BFB615A7D11B0048694E /* GTMOAuth2SignIn.m */ = {isa = PBXFileReference; fileEncoding = 4; lastKnownFileType = sourcecode.c.objc; path = GTMOAuth2SignIn.m; sourceTree = "<group>"; };
		E260BFB815A7D1C30048694E /* Security.framework */ = {isa = PBXFileReference; lastKnownFileType = wrapper.framework; name = Security.framework; path = System/Library/Frameworks/Security.framework; sourceTree = SDKROOT; };
		E260BFBA15A7D2070048694E /* SystemConfiguration.framework */ = {isa = PBXFileReference; lastKnownFileType = wrapper.framework; name = SystemConfiguration.framework; path = System/Library/Frameworks/SystemConfiguration.framework; sourceTree = SDKROOT; };
		E260BFC215A90B810048694E /* LoginViewController.h */ = {isa = PBXFileReference; fileEncoding = 4; lastKnownFileType = sourcecode.c.h; path = LoginViewController.h; sourceTree = "<group>"; };
		E260BFC315A90B810048694E /* LoginViewController.m */ = {isa = PBXFileReference; fileEncoding = 4; lastKnownFileType = sourcecode.c.objc; path = LoginViewController.m; sourceTree = "<group>"; };
		E260BFC915A911B30048694E /* GTMHTTPFetcherLogging.h */ = {isa = PBXFileReference; fileEncoding = 4; lastKnownFileType = sourcecode.c.h; path = GTMHTTPFetcherLogging.h; sourceTree = "<group>"; };
		E260BFCA15A911B30048694E /* GTMHTTPFetcherLogging.m */ = {isa = PBXFileReference; fileEncoding = 4; lastKnownFileType = sourcecode.c.objc; path = GTMHTTPFetcherLogging.m; sourceTree = "<group>"; };
		E262A016159158F600D79EAE /* DatePickerViewController.h */ = {isa = PBXFileReference; fileEncoding = 4; lastKnownFileType = sourcecode.c.h; path = DatePickerViewController.h; sourceTree = "<group>"; };
		E262A017159158F600D79EAE /* DatePickerViewController.m */ = {isa = PBXFileReference; fileEncoding = 4; lastKnownFileType = sourcecode.c.objc; path = DatePickerViewController.m; sourceTree = "<group>"; };
		E262A01B1596504100D79EAE /* Icon-72.png */ = {isa = PBXFileReference; lastKnownFileType = image.png; path = "Icon-72.png"; sourceTree = "<group>"; };
		E262A01C1596504100D79EAE /* Icon-Small-50.png */ = {isa = PBXFileReference; lastKnownFileType = image.png; path = "Icon-Small-50.png"; sourceTree = "<group>"; };
		E262A01D1596504100D79EAE /* Icon-Small.png */ = {isa = PBXFileReference; lastKnownFileType = image.png; path = "Icon-Small.png"; sourceTree = "<group>"; };
		E262A01E1596504100D79EAE /* Icon-Small@2x.png */ = {isa = PBXFileReference; lastKnownFileType = image.png; path = "Icon-Small@2x.png"; sourceTree = "<group>"; };
		E262A01F1596504100D79EAE /* Icon.png */ = {isa = PBXFileReference; lastKnownFileType = image.png; path = Icon.png; sourceTree = "<group>"; };
		E262A0201596504100D79EAE /* Icon@2x.png */ = {isa = PBXFileReference; lastKnownFileType = image.png; path = "Icon@2x.png"; sourceTree = "<group>"; };
		E262A0211596504100D79EAE /* iTunesArtwork */ = {isa = PBXFileReference; lastKnownFileType = file; path = iTunesArtwork; sourceTree = "<group>"; };
		E26C483415BC96C300EFFEC1 /* MappingProvider.h */ = {isa = PBXFileReference; fileEncoding = 4; lastKnownFileType = sourcecode.c.h; path = MappingProvider.h; sourceTree = "<group>"; };
		E26C483515BC96C300EFFEC1 /* MappingProvider.m */ = {isa = PBXFileReference; fileEncoding = 4; lastKnownFileType = sourcecode.c.objc; path = MappingProvider.m; sourceTree = "<group>"; };
		E2851A4C15B74A2A0007DACC /* RestKit.xcodeproj */ = {isa = PBXFileReference; lastKnownFileType = "wrapper.pb-project"; name = RestKit.xcodeproj; path = ../RestKit/RestKit.xcodeproj; sourceTree = "<group>"; };
		E2851A6515B74AFE0007DACC /* CFNetwork.framework */ = {isa = PBXFileReference; lastKnownFileType = wrapper.framework; name = CFNetwork.framework; path = System/Library/Frameworks/CFNetwork.framework; sourceTree = SDKROOT; };
		E2851A6615B74AFE0007DACC /* MobileCoreServices.framework */ = {isa = PBXFileReference; lastKnownFileType = wrapper.framework; name = MobileCoreServices.framework; path = System/Library/Frameworks/MobileCoreServices.framework; sourceTree = SDKROOT; };
		E2851A6715B74AFE0007DACC /* QuartzCore.framework */ = {isa = PBXFileReference; lastKnownFileType = wrapper.framework; name = QuartzCore.framework; path = System/Library/Frameworks/QuartzCore.framework; sourceTree = SDKROOT; };
		E2851A6B15B74B090007DACC /* libxml2.dylib */ = {isa = PBXFileReference; lastKnownFileType = "compiled.mach-o.dylib"; name = libxml2.dylib; path = usr/lib/libxml2.dylib; sourceTree = SDKROOT; };
		E297E22D15B9FA2A00FBE1B3 /* FriendSelectViewController.h */ = {isa = PBXFileReference; fileEncoding = 4; lastKnownFileType = sourcecode.c.h; path = FriendSelectViewController.h; sourceTree = "<group>"; };
		E297E22E15B9FA2A00FBE1B3 /* FriendSelectViewController.m */ = {isa = PBXFileReference; fileEncoding = 4; lastKnownFileType = sourcecode.c.objc; path = FriendSelectViewController.m; sourceTree = "<group>"; };
		E2B27946158EC3D500BB99D8 /* TaskDetailViewController.h */ = {isa = PBXFileReference; fileEncoding = 4; lastKnownFileType = sourcecode.c.h; path = TaskDetailViewController.h; sourceTree = "<group>"; };
		E2B27947158EC3D500BB99D8 /* TaskDetailViewController.m */ = {isa = PBXFileReference; fileEncoding = 4; lastKnownFileType = sourcecode.c.objc; path = TaskDetailViewController.m; sourceTree = "<group>"; };
		E2DEFDBC1586DA2800D3D572 /* tasker.app */ = {isa = PBXFileReference; explicitFileType = wrapper.application; includeInIndex = 0; path = tasker.app; sourceTree = BUILT_PRODUCTS_DIR; };
		E2DEFDC01586DA2800D3D572 /* UIKit.framework */ = {isa = PBXFileReference; lastKnownFileType = wrapper.framework; name = UIKit.framework; path = System/Library/Frameworks/UIKit.framework; sourceTree = SDKROOT; };
		E2DEFDC21586DA2800D3D572 /* Foundation.framework */ = {isa = PBXFileReference; lastKnownFileType = wrapper.framework; name = Foundation.framework; path = System/Library/Frameworks/Foundation.framework; sourceTree = SDKROOT; };
		E2DEFDC41586DA2800D3D572 /* CoreGraphics.framework */ = {isa = PBXFileReference; lastKnownFileType = wrapper.framework; name = CoreGraphics.framework; path = System/Library/Frameworks/CoreGraphics.framework; sourceTree = SDKROOT; };
		E2DEFDC81586DA2800D3D572 /* tasker-Info.plist */ = {isa = PBXFileReference; lastKnownFileType = text.plist.xml; path = "tasker-Info.plist"; sourceTree = "<group>"; };
		E2DEFDCA1586DA2800D3D572 /* en */ = {isa = PBXFileReference; lastKnownFileType = text.plist.strings; name = en; path = en.lproj/InfoPlist.strings; sourceTree = "<group>"; };
		E2DEFDCC1586DA2800D3D572 /* main.m */ = {isa = PBXFileReference; lastKnownFileType = sourcecode.c.objc; path = main.m; sourceTree = "<group>"; };
		E2DEFDCE1586DA2800D3D572 /* tasker-Prefix.pch */ = {isa = PBXFileReference; lastKnownFileType = sourcecode.c.h; path = "tasker-Prefix.pch"; sourceTree = "<group>"; };
		E2DEFDCF1586DA2800D3D572 /* AppDelegate.h */ = {isa = PBXFileReference; lastKnownFileType = sourcecode.c.h; path = AppDelegate.h; sourceTree = "<group>"; };
		E2DEFDD01586DA2800D3D572 /* AppDelegate.m */ = {isa = PBXFileReference; lastKnownFileType = sourcecode.c.objc; path = AppDelegate.m; sourceTree = "<group>"; };
		E2DEFDD31586DA2800D3D572 /* en */ = {isa = PBXFileReference; lastKnownFileType = file.storyboard; name = en; path = en.lproj/MainStoryboard.storyboard; sourceTree = "<group>"; };
		E2F8FBD71596A26E00317F84 /* DataModel.xcdatamodel */ = {isa = PBXFileReference; lastKnownFileType = wrapper.xcdatamodel; path = DataModel.xcdatamodel; sourceTree = "<group>"; };
		E2F8FBDC1596A2F500317F84 /* CoreData.framework */ = {isa = PBXFileReference; lastKnownFileType = wrapper.framework; name = CoreData.framework; path = System/Library/Frameworks/CoreData.framework; sourceTree = SDKROOT; };
		E2F8FBDE1596A3B400317F84 /* Task.h */ = {isa = PBXFileReference; fileEncoding = 4; lastKnownFileType = sourcecode.c.h; path = Task.h; sourceTree = "<group>"; };
		E2F8FBDF1596A3B400317F84 /* Task.m */ = {isa = PBXFileReference; fileEncoding = 4; lastKnownFileType = sourcecode.c.objc; path = Task.m; sourceTree = "<group>"; };
		E2F8FBE51597897C00317F84 /* UIImage+Resize.h */ = {isa = PBXFileReference; fileEncoding = 4; lastKnownFileType = sourcecode.c.h; path = "UIImage+Resize.h"; sourceTree = "<group>"; };
		E2F8FBE61597897C00317F84 /* UIImage+Resize.m */ = {isa = PBXFileReference; fileEncoding = 4; lastKnownFileType = sourcecode.c.objc; path = "UIImage+Resize.m"; sourceTree = "<group>"; };
		E2F8FBE91597962800317F84 /* libTestFlight.a */ = {isa = PBXFileReference; lastKnownFileType = archive.ar; path = libTestFlight.a; sourceTree = "<group>"; };
		E2F8FBEA1597962800317F84 /* README.txt */ = {isa = PBXFileReference; fileEncoding = 4; lastKnownFileType = text; path = README.txt; sourceTree = "<group>"; };
		E2F8FBEB1597962800317F84 /* release_notes.txt */ = {isa = PBXFileReference; fileEncoding = 4; lastKnownFileType = text; path = release_notes.txt; sourceTree = "<group>"; };
		E2F8FBEC1597962800317F84 /* TestFlight.h */ = {isa = PBXFileReference; fileEncoding = 4; lastKnownFileType = sourcecode.c.h; path = TestFlight.h; sourceTree = "<group>"; };
		E2F8FBF01597968900317F84 /* libz.dylib */ = {isa = PBXFileReference; lastKnownFileType = "compiled.mach-o.dylib"; name = libz.dylib; path = usr/lib/libz.dylib; sourceTree = SDKROOT; };
/* End PBXFileReference section */

/* Begin PBXFrameworksBuildPhase section */
		E2DEFDB91586DA2800D3D572 /* Frameworks */ = {
			isa = PBXFrameworksBuildPhase;
			buildActionMask = 2147483647;
			files = (
				E2851A6C15B74B090007DACC /* libxml2.dylib in Frameworks */,
				E2851A6815B74AFE0007DACC /* CFNetwork.framework in Frameworks */,
				E2851A6915B74AFE0007DACC /* MobileCoreServices.framework in Frameworks */,
				E2851A6A15B74AFE0007DACC /* QuartzCore.framework in Frameworks */,
				E2851A6415B74AB20007DACC /* libRestKit.a in Frameworks */,
				E260BFBB15A7D2070048694E /* SystemConfiguration.framework in Frameworks */,
				E260BFB915A7D1C30048694E /* Security.framework in Frameworks */,
				E2F8FBDD1596A2F500317F84 /* CoreData.framework in Frameworks */,
				E2DEFDC11586DA2800D3D572 /* UIKit.framework in Frameworks */,
				E2DEFDC31586DA2800D3D572 /* Foundation.framework in Frameworks */,
				E2DEFDC51586DA2800D3D572 /* CoreGraphics.framework in Frameworks */,
				E2F8FBF11597968900317F84 /* libz.dylib in Frameworks */,
				E2F8FBED1597962800317F84 /* libTestFlight.a in Frameworks */,
			);
			runOnlyForDeploymentPostprocessing = 0;
		};
/* End PBXFrameworksBuildPhase section */

/* Begin PBXGroup section */
		E260BFA515A7D03C0048694E /* OAuth */ = {
			isa = PBXGroup;
			children = (
				E260BFA615A7D03C0048694E /* GTMHTTPFetcher.h */,
				E260BFA715A7D03C0048694E /* GTMHTTPFetcher.m */,
				E260BFC915A911B30048694E /* GTMHTTPFetcherLogging.h */,
				E260BFCA15A911B30048694E /* GTMHTTPFetcherLogging.m */,
				E260BFA815A7D03C0048694E /* GTMOAuth2Authentication.h */,
				E260BFA915A7D03C0048694E /* GTMOAuth2Authentication.m */,
				E260BFB515A7D10B0048694E /* GTMOAuth2SignIn.h */,
				E260BFB615A7D11B0048694E /* GTMOAuth2SignIn.m */,
				E260BFAC15A7D03C0048694E /* Touch */,
			);
			name = OAuth;
			path = tasker/OAuth;
			sourceTree = "<group>";
		};
		E260BFAC15A7D03C0048694E /* Touch */ = {
			isa = PBXGroup;
			children = (
				E260BFAD15A7D03C0048694E /* GTMOAuth2ViewControllerTouch.h */,
				E260BFAE15A7D03C0048694E /* GTMOAuth2ViewControllerTouch.m */,
				E260BFAF15A7D03C0048694E /* GTMOAuth2ViewTouch.xib */,
			);
			path = Touch;
			sourceTree = "<group>";
		};
		E262A01A1596504100D79EAE /* Icon */ = {
			isa = PBXGroup;
			children = (
				E262A01B1596504100D79EAE /* Icon-72.png */,
				E262A01C1596504100D79EAE /* Icon-Small-50.png */,
				E262A01D1596504100D79EAE /* Icon-Small.png */,
				E262A01E1596504100D79EAE /* Icon-Small@2x.png */,
				E262A01F1596504100D79EAE /* Icon.png */,
				E262A0201596504100D79EAE /* Icon@2x.png */,
				E262A0211596504100D79EAE /* iTunesArtwork */,
			);
			path = Icon;
			sourceTree = "<group>";
		};
		E2851A4D15B74A2A0007DACC /* Products */ = {
			isa = PBXGroup;
			children = (
				E2851A5815B74A2A0007DACC /* libRestKit.a */,
				E2851A5A15B74A2A0007DACC /* RestKitTests.octest */,
				E2851A5C15B74A2A0007DACC /* RestKit.framework */,
				E2851A5E15B74A2A0007DACC /* RestKitFrameworkTests.octest */,
				E2851A6015B74A2A0007DACC /* RestKitResources.bundle */,
			);
			name = Products;
			sourceTree = "<group>";
		};
		E2DEFDB11586DA2800D3D572 = {
			isa = PBXGroup;
			children = (
				E2DEFDC61586DA2800D3D572 /* tasker */,
				E2DEFDBF1586DA2800D3D572 /* Frameworks */,
				E2DEFDBD1586DA2800D3D572 /* Products */,
			);
			sourceTree = "<group>";
		};
		E2DEFDBD1586DA2800D3D572 /* Products */ = {
			isa = PBXGroup;
			children = (
				E2DEFDBC1586DA2800D3D572 /* tasker.app */,
			);
			name = Products;
			sourceTree = "<group>";
		};
		E2DEFDBF1586DA2800D3D572 /* Frameworks */ = {
			isa = PBXGroup;
			children = (
				E260BFA515A7D03C0048694E /* OAuth */,
				E2F8FBE81597962800317F84 /* TestFlightSDK1 */,
				E2851A6B15B74B090007DACC /* libxml2.dylib */,
				E2851A6515B74AFE0007DACC /* CFNetwork.framework */,
				E2851A6615B74AFE0007DACC /* MobileCoreServices.framework */,
				E2851A6715B74AFE0007DACC /* QuartzCore.framework */,
				E2851A4C15B74A2A0007DACC /* RestKit.xcodeproj */,
				E2F8FBF01597968900317F84 /* libz.dylib */,
				E260BFBA15A7D2070048694E /* SystemConfiguration.framework */,
				E260BFB815A7D1C30048694E /* Security.framework */,
				E2F8FBDC1596A2F500317F84 /* CoreData.framework */,
				E2DEFDC01586DA2800D3D572 /* UIKit.framework */,
				E2DEFDC21586DA2800D3D572 /* Foundation.framework */,
				E2DEFDC41586DA2800D3D572 /* CoreGraphics.framework */,
			);
			name = Frameworks;
			sourceTree = "<group>";
		};
		E2DEFDC61586DA2800D3D572 /* tasker */ = {
			isa = PBXGroup;
			children = (
				E262A01A1596504100D79EAE /* Icon */,
				E2DEFDCF1586DA2800D3D572 /* AppDelegate.h */,
				E2DEFDD01586DA2800D3D572 /* AppDelegate.m */,
				E26C483415BC96C300EFFEC1 /* MappingProvider.h */,
				E26C483515BC96C300EFFEC1 /* MappingProvider.m */,
				E2DEFDD21586DA2800D3D572 /* MainStoryboard.storyboard */,
				E2DEFDC71586DA2800D3D572 /* Supporting Files */,
				E2553835158E94C900B12D3F /* TaskCell.h */,
				E2553836158E94C900B12D3F /* TaskCell.m */,
				E297E22D15B9FA2A00FBE1B3 /* FriendSelectViewController.h */,
				E297E22E15B9FA2A00FBE1B3 /* FriendSelectViewController.m */,
				E2553844158EA84C00B12D3F /* TasksViewController.h */,
				E2553845158EA84C00B12D3F /* TasksViewController.m */,
				E2B27946158EC3D500BB99D8 /* TaskDetailViewController.h */,
				E2B27947158EC3D500BB99D8 /* TaskDetailViewController.m */,
				E262A016159158F600D79EAE /* DatePickerViewController.h */,
				E262A017159158F600D79EAE /* DatePickerViewController.m */,
				E2F8FBD61596A26E00317F84 /* DataModel.xcdatamodeld */,
				E2F8FBDE1596A3B400317F84 /* Task.h */,
				E2F8FBDF1596A3B400317F84 /* Task.m */,
				E2F8FBE51597897C00317F84 /* UIImage+Resize.h */,
				E2F8FBE61597897C00317F84 /* UIImage+Resize.m */,
				E260BFC215A90B810048694E /* LoginViewController.h */,
				E260BFC315A90B810048694E /* LoginViewController.m */,
			);
			path = tasker;
			sourceTree = "<group>";
		};
		E2DEFDC71586DA2800D3D572 /* Supporting Files */ = {
			isa = PBXGroup;
			children = (
				E2DEFDC81586DA2800D3D572 /* tasker-Info.plist */,
				E2DEFDC91586DA2800D3D572 /* InfoPlist.strings */,
				E2DEFDCC1586DA2800D3D572 /* main.m */,
				E2DEFDCE1586DA2800D3D572 /* tasker-Prefix.pch */,
			);
			name = "Supporting Files";
			sourceTree = "<group>";
		};
		E2F8FBE81597962800317F84 /* TestFlightSDK1 */ = {
			isa = PBXGroup;
			children = (
				E2F8FBEC1597962800317F84 /* TestFlight.h */,
				E2F8FBE91597962800317F84 /* libTestFlight.a */,
				E2F8FBEA1597962800317F84 /* README.txt */,
				E2F8FBEB1597962800317F84 /* release_notes.txt */,
			);
			path = TestFlightSDK1;
			sourceTree = "<group>";
		};
/* End PBXGroup section */

/* Begin PBXNativeTarget section */
		E2DEFDBB1586DA2800D3D572 /* tasker */ = {
			isa = PBXNativeTarget;
			buildConfigurationList = E2DEFDE51586DA2800D3D572 /* Build configuration list for PBXNativeTarget "tasker" */;
			buildPhases = (
				E2DEFDB81586DA2800D3D572 /* Sources */,
				E2DEFDB91586DA2800D3D572 /* Frameworks */,
				E2DEFDBA1586DA2800D3D572 /* Resources */,
			);
			buildRules = (
			);
			dependencies = (
				E2851A6315B74A9D0007DACC /* PBXTargetDependency */,
			);
			name = tasker;
			productName = tasker;
			productReference = E2DEFDBC1586DA2800D3D572 /* tasker.app */;
			productType = "com.apple.product-type.application";
		};
/* End PBXNativeTarget section */

/* Begin PBXProject section */
		E2DEFDB31586DA2800D3D572 /* Project object */ = {
			isa = PBXProject;
			attributes = {
				LastUpgradeCheck = 0430;
			};
			buildConfigurationList = E2DEFDB61586DA2800D3D572 /* Build configuration list for PBXProject "tasker" */;
			compatibilityVersion = "Xcode 3.2";
			developmentRegion = English;
			hasScannedForEncodings = 0;
			knownRegions = (
				en,
			);
			mainGroup = E2DEFDB11586DA2800D3D572;
			productRefGroup = E2DEFDBD1586DA2800D3D572 /* Products */;
			projectDirPath = "";
			projectReferences = (
				{
					ProductGroup = E2851A4D15B74A2A0007DACC /* Products */;
					ProjectRef = E2851A4C15B74A2A0007DACC /* RestKit.xcodeproj */;
				},
			);
			projectRoot = "";
			targets = (
				E2DEFDBB1586DA2800D3D572 /* tasker */,
			);
		};
/* End PBXProject section */

/* Begin PBXReferenceProxy section */
		E2851A5815B74A2A0007DACC /* libRestKit.a */ = {
			isa = PBXReferenceProxy;
			fileType = archive.ar;
			path = libRestKit.a;
			remoteRef = E2851A5715B74A2A0007DACC /* PBXContainerItemProxy */;
			sourceTree = BUILT_PRODUCTS_DIR;
		};
		E2851A5A15B74A2A0007DACC /* RestKitTests.octest */ = {
			isa = PBXReferenceProxy;
			fileType = wrapper.cfbundle;
			path = RestKitTests.octest;
			remoteRef = E2851A5915B74A2A0007DACC /* PBXContainerItemProxy */;
			sourceTree = BUILT_PRODUCTS_DIR;
		};
		E2851A5C15B74A2A0007DACC /* RestKit.framework */ = {
			isa = PBXReferenceProxy;
			fileType = wrapper.framework;
			path = RestKit.framework;
			remoteRef = E2851A5B15B74A2A0007DACC /* PBXContainerItemProxy */;
			sourceTree = BUILT_PRODUCTS_DIR;
		};
		E2851A5E15B74A2A0007DACC /* RestKitFrameworkTests.octest */ = {
			isa = PBXReferenceProxy;
			fileType = wrapper.cfbundle;
			path = RestKitFrameworkTests.octest;
			remoteRef = E2851A5D15B74A2A0007DACC /* PBXContainerItemProxy */;
			sourceTree = BUILT_PRODUCTS_DIR;
		};
		E2851A6015B74A2A0007DACC /* RestKitResources.bundle */ = {
			isa = PBXReferenceProxy;
			fileType = wrapper.cfbundle;
			path = RestKitResources.bundle;
			remoteRef = E2851A5F15B74A2A0007DACC /* PBXContainerItemProxy */;
			sourceTree = BUILT_PRODUCTS_DIR;
		};
/* End PBXReferenceProxy section */

/* Begin PBXResourcesBuildPhase section */
		E2DEFDBA1586DA2800D3D572 /* Resources */ = {
			isa = PBXResourcesBuildPhase;
			buildActionMask = 2147483647;
			files = (
				E2DEFDCB1586DA2800D3D572 /* InfoPlist.strings in Resources */,
				E2DEFDD41586DA2800D3D572 /* MainStoryboard.storyboard in Resources */,
				E262A0221596504100D79EAE /* Icon-72.png in Resources */,
				E262A0231596504100D79EAE /* Icon-Small-50.png in Resources */,
				E262A0241596504100D79EAE /* Icon-Small.png in Resources */,
				E262A0251596504100D79EAE /* Icon-Small@2x.png in Resources */,
				E262A0261596504100D79EAE /* Icon.png in Resources */,
				E262A0271596504100D79EAE /* Icon@2x.png in Resources */,
				E262A0281596504100D79EAE /* iTunesArtwork in Resources */,
				E2F8FBEE1597962800317F84 /* README.txt in Resources */,
				E2F8FBEF1597962800317F84 /* release_notes.txt in Resources */,
				E260BFB415A7D03C0048694E /* GTMOAuth2ViewTouch.xib in Resources */,
			);
			runOnlyForDeploymentPostprocessing = 0;
		};
/* End PBXResourcesBuildPhase section */

/* Begin PBXSourcesBuildPhase section */
		E2DEFDB81586DA2800D3D572 /* Sources */ = {
			isa = PBXSourcesBuildPhase;
			buildActionMask = 2147483647;
			files = (
				E2DEFDCD1586DA2800D3D572 /* main.m in Sources */,
				E2DEFDD11586DA2800D3D572 /* AppDelegate.m in Sources */,
				E2553837158E94C900B12D3F /* TaskCell.m in Sources */,
				E2553846158EA84C00B12D3F /* TasksViewController.m in Sources */,
				E2B27948158EC3D500BB99D8 /* TaskDetailViewController.m in Sources */,
				E262A018159158F600D79EAE /* DatePickerViewController.m in Sources */,
				E2F8FBD81596A26E00317F84 /* DataModel.xcdatamodeld in Sources */,
				E2F8FBE01596A3B400317F84 /* Task.m in Sources */,
				E2F8FBE71597897C00317F84 /* UIImage+Resize.m in Sources */,
				E260BFB015A7D03C0048694E /* GTMHTTPFetcher.m in Sources */,
				E260BFB115A7D03C0048694E /* GTMOAuth2Authentication.m in Sources */,
				E260BFB315A7D03C0048694E /* GTMOAuth2ViewControllerTouch.m in Sources */,
				E260BFB715A7D11B0048694E /* GTMOAuth2SignIn.m in Sources */,
				E260BFC415A90B810048694E /* LoginViewController.m in Sources */,
				E260BFCB15A911B30048694E /* GTMHTTPFetcherLogging.m in Sources */,
				E297E22F15B9FA2A00FBE1B3 /* FriendSelectViewController.m in Sources */,
				E26C483615BC96C300EFFEC1 /* MappingProvider.m in Sources */,
			);
			runOnlyForDeploymentPostprocessing = 0;
		};
/* End PBXSourcesBuildPhase section */

/* Begin PBXTargetDependency section */
		E2851A6315B74A9D0007DACC /* PBXTargetDependency */ = {
			isa = PBXTargetDependency;
			name = RestKit;
			targetProxy = E2851A6215B74A9D0007DACC /* PBXContainerItemProxy */;
		};
/* End PBXTargetDependency section */

/* Begin PBXVariantGroup section */
		E2DEFDC91586DA2800D3D572 /* InfoPlist.strings */ = {
			isa = PBXVariantGroup;
			children = (
				E2DEFDCA1586DA2800D3D572 /* en */,
			);
			name = InfoPlist.strings;
			sourceTree = "<group>";
		};
		E2DEFDD21586DA2800D3D572 /* MainStoryboard.storyboard */ = {
			isa = PBXVariantGroup;
			children = (
				E2DEFDD31586DA2800D3D572 /* en */,
			);
			name = MainStoryboard.storyboard;
			sourceTree = "<group>";
		};
/* End PBXVariantGroup section */

/* Begin XCBuildConfiguration section */
		E2DEFDE31586DA2800D3D572 /* Debug */ = {
			isa = XCBuildConfiguration;
			buildSettings = {
				ALWAYS_SEARCH_USER_PATHS = NO;
				ARCHS = "$(ARCHS_STANDARD_32_BIT)";
				CLANG_ENABLE_OBJC_ARC = YES;
				"CODE_SIGN_IDENTITY[sdk=iphoneos*]" = "iPhone Developer";
				COPY_PHASE_STRIP = NO;
				GCC_C_LANGUAGE_STANDARD = gnu99;
				GCC_DYNAMIC_NO_PIC = NO;
				GCC_OPTIMIZATION_LEVEL = 0;
				GCC_PREPROCESSOR_DEFINITIONS = (
					"DEBUG=1",
					"$(inherited)",
				);
				GCC_SYMBOLS_PRIVATE_EXTERN = NO;
				GCC_VERSION = com.apple.compilers.llvm.clang.1_0;
				GCC_WARN_ABOUT_RETURN_TYPE = YES;
				GCC_WARN_UNINITIALIZED_AUTOS = YES;
				GCC_WARN_UNUSED_VARIABLE = YES;
				IPHONEOS_DEPLOYMENT_TARGET = 5.1;
				SDKROOT = iphoneos;
				STRIP_INSTALLED_PRODUCT = NO;
			};
			name = Debug;
		};
		E2DEFDE41586DA2800D3D572 /* Release */ = {
			isa = XCBuildConfiguration;
			buildSettings = {
				ALWAYS_SEARCH_USER_PATHS = NO;
				ARCHS = "$(ARCHS_STANDARD_32_BIT)";
				CLANG_ENABLE_OBJC_ARC = YES;
				"CODE_SIGN_IDENTITY[sdk=iphoneos*]" = "iPhone Developer";
				COPY_PHASE_STRIP = YES;
				GCC_C_LANGUAGE_STANDARD = gnu99;
				GCC_VERSION = com.apple.compilers.llvm.clang.1_0;
				GCC_WARN_ABOUT_RETURN_TYPE = YES;
				GCC_WARN_UNINITIALIZED_AUTOS = YES;
				GCC_WARN_UNUSED_VARIABLE = YES;
				IPHONEOS_DEPLOYMENT_TARGET = 5.1;
				OTHER_CFLAGS = "-DNS_BLOCK_ASSERTIONS=1";
				SDKROOT = iphoneos;
				STRIP_INSTALLED_PRODUCT = NO;
				VALIDATE_PRODUCT = YES;
			};
			name = Release;
		};
		E2DEFDE61586DA2800D3D572 /* Debug */ = {
			isa = XCBuildConfiguration;
			buildSettings = {
				GCC_PRECOMPILE_PREFIX_HEADER = YES;
				GCC_PREFIX_HEADER = "tasker/tasker-Prefix.pch";
				HEADER_SEARCH_PATHS = "\"$(BUILT_PRODUCTS_DIR)/../../Headers\"/**";
				INFOPLIST_FILE = "tasker/tasker-Info.plist";
				LIBRARY_SEARCH_PATHS = (
					"$(inherited)",
					"\"$(SRCROOT)/TestFlightSDK1\"",
				);
				OTHER_LDFLAGS = (
					"-ObjC",
					"-all_load",
				);
				PRODUCT_NAME = "$(TARGET_NAME)";
				WRAPPER_EXTENSION = app;
			};
			name = Debug;
		};
		E2DEFDE71586DA2800D3D572 /* Release */ = {
			isa = XCBuildConfiguration;
			buildSettings = {
				GCC_PRECOMPILE_PREFIX_HEADER = YES;
				GCC_PREFIX_HEADER = "tasker/tasker-Prefix.pch";
				HEADER_SEARCH_PATHS = "\"$(BUILT_PRODUCTS_DIR)/../../Headers\"/**";
				INFOPLIST_FILE = "tasker/tasker-Info.plist";
				LIBRARY_SEARCH_PATHS = (
					"$(inherited)",
					"\"$(SRCROOT)/TestFlightSDK1\"",
				);
				OTHER_LDFLAGS = (
					"-ObjC",
					"-all_load",
				);
				PRODUCT_NAME = "$(TARGET_NAME)";
				WRAPPER_EXTENSION = app;
			};
			name = Release;
		};
/* End XCBuildConfiguration section */

/* Begin XCConfigurationList section */
		E2DEFDB61586DA2800D3D572 /* Build configuration list for PBXProject "tasker" */ = {
			isa = XCConfigurationList;
			buildConfigurations = (
				E2DEFDE31586DA2800D3D572 /* Debug */,
				E2DEFDE41586DA2800D3D572 /* Release */,
			);
			defaultConfigurationIsVisible = 0;
			defaultConfigurationName = Release;
		};
		E2DEFDE51586DA2800D3D572 /* Build configuration list for PBXNativeTarget "tasker" */ = {
			isa = XCConfigurationList;
			buildConfigurations = (
				E2DEFDE61586DA2800D3D572 /* Debug */,
				E2DEFDE71586DA2800D3D572 /* Release */,
			);
			defaultConfigurationIsVisible = 0;
			defaultConfigurationName = Release;
		};
/* End XCConfigurationList section */

/* Begin XCVersionGroup section */
		E2F8FBD61596A26E00317F84 /* DataModel.xcdatamodeld */ = {
			isa = XCVersionGroup;
			children = (
				E2F8FBD71596A26E00317F84 /* DataModel.xcdatamodel */,
			);
			currentVersion = E2F8FBD71596A26E00317F84 /* DataModel.xcdatamodel */;
			path = DataModel.xcdatamodeld;
			sourceTree = "<group>";
			versionGroupType = wrapper.xcdatamodel;
		};
/* End XCVersionGroup section */
	};
	rootObject = E2DEFDB31586DA2800D3D572 /* Project object */;
}
